
Microsoft Visual Studio Solution File, Format Version 12.00
# Visual Studio Version 16
VisualStudioVersion = 16.0.30907.101
MinimumVisualStudioVersion = 10.0.40219.1
Project("{FAE04EC0-301F-11D3-BF4B-00C04F79EFBC}") = "Doviz-Ofisi", "Döviz-Öfisi\Doviz-Ofisi.csproj", "{FC103BEF-71FD-4783-905D-E2BB27ECD9AA}"
EndProject
Global
	GlobalSection(SolutionConfigurationPlatforms) = preSolution
		Debug|Any CPU = Debug|Any CPU
		Release|Any CPU = Release|Any CPU
	EndGlobalSection
	GlobalSection(ProjectConfigurationPlatforms) = postSolution
		{FC103BEF-71FD-4783-905D-E2BB27ECD9AA}.Debug|Any CPU.ActiveCfg = Debug|Any CPU
		{FC103BEF-71FD-4783-905D-E2BB27ECD9AA}.Debug|Any CPU.Build.0 = Debug|Any CPU
		{FC103BEF-71FD-4783-905D-E2BB27ECD9AA}.Release|Any CPU.ActiveCfg = Release|Any CPU
		{FC103BEF-71FD-4783-905D-E2BB27ECD9AA}.Release|Any CPU.Build.0 = Release|Any CPU
	EndGlobalSection
	GlobalSection(SolutionProperties) = preSolution
		HideSolutionNode = FALSE
	EndGlobalSection
	GlobalSection(ExtensibilityGlobals) = postSolution
		SolutionGuid = {A136F050-BC2A-4301-9633-251BEAC6AECF}
	EndGlobalSection
EndGlobal
